
Microsoft Visual Studio Solution File, Format Version 12.00
# Visual Studio Version 16
VisualStudioVersion = 16.0.31702.278
MinimumVisualStudioVersion = 10.0.40219.1
Project("{FAE04EC0-301F-11D3-BF4B-00C04F79EFBC}") = "ORMPrac2", "ORMPrac2.csproj", "{0253EB6A-0C55-41D0-8C9F-DB9EE77D7995}"
EndProject
Global
	GlobalSection(SolutionConfigurationPlatforms) = preSolution
		Debug|Any CPU = Debug|Any CPU
		Release|Any CPU = Release|Any CPU
	EndGlobalSection
	GlobalSection(ProjectConfigurationPlatforms) = postSolution
		{0253EB6A-0C55-41D0-8C9F-DB9EE77D7995}.Debug|Any CPU.ActiveCfg = Debug|Any CPU
		{0253EB6A-0C55-41D0-8C9F-DB9EE77D7995}.Debug|Any CPU.Build.0 = Debug|Any CPU
		{0253EB6A-0C55-41D0-8C9F-DB9EE77D7995}.Release|Any CPU.ActiveCfg = Release|Any CPU
		{0253EB6A-0C55-41D0-8C9F-DB9EE77D7995}.Release|Any CPU.Build.0 = Release|Any CPU
	EndGlobalSection
	GlobalSection(SolutionProperties) = preSolution
		HideSolutionNode = FALSE
	EndGlobalSection
	GlobalSection(ExtensibilityGlobals) = postSolution
		SolutionGuid = {DEB93D9F-084F-476C-B0FF-43CEB6BD2305}
	EndGlobalSection
EndGlobal
